
Microsoft Visual Studio Solution File, Format Version 12.00
# Visual Studio 14
VisualStudioVersion = 14.0.23107.0
MinimumVisualStudioVersion = 10.0.40219.1
Project("{8BB2217D-0F2D-49D1-97BC-3654ED321F3B}") = "KrakmApp.Entities", "KrakmApp.Entities\KrakmApp.Entities.xproj", "{308D030C-AF69-4454-8A4B-4F048F70B892}"
EndProject
Project("{8BB2217D-0F2D-49D1-97BC-3654ED321F3B}") = "KrakmApp", "KrakmApp\KrakmApp.xproj", "{5D95601E-53D0-466D-976F-4122BF9122D8}"
EndProject
Global
	GlobalSection(SolutionConfigurationPlatforms) = preSolution
		Debug|Any CPU = Debug|Any CPU
		Release|Any CPU = Release|Any CPU
	EndGlobalSection
	GlobalSection(ProjectConfigurationPlatforms) = postSolution
		{308D030C-AF69-4454-8A4B-4F048F70B892}.Debug|Any CPU.ActiveCfg = Debug|Any CPU
		{308D030C-AF69-4454-8A4B-4F048F70B892}.Debug|Any CPU.Build.0 = Debug|Any CPU
		{308D030C-AF69-4454-8A4B-4F048F70B892}.Release|Any CPU.ActiveCfg = Release|Any CPU
		{308D030C-AF69-4454-8A4B-4F048F70B892}.Release|Any CPU.Build.0 = Release|Any CPU
		{5D95601E-53D0-466D-976F-4122BF9122D8}.Debug|Any CPU.ActiveCfg = Debug|Any CPU
		{5D95601E-53D0-466D-976F-4122BF9122D8}.Debug|Any CPU.Build.0 = Debug|Any CPU
		{5D95601E-53D0-466D-976F-4122BF9122D8}.Release|Any CPU.ActiveCfg = Release|Any CPU
		{5D95601E-53D0-466D-976F-4122BF9122D8}.Release|Any CPU.Build.0 = Release|Any CPU
	EndGlobalSection
	GlobalSection(SolutionProperties) = preSolution
		HideSolutionNode = FALSE
	EndGlobalSection
EndGlobal
